
Microsoft Visual Studio Solution File, Format Version 10.00
# Visual Studio 2008
Project("{EAF909A5-FA59-4C3D-9431-0FCC20D5BCF9}") = "ODbgScript", "ODbgScript.icproj", "{221CE044-5566-4AF9-ACF1-00CF8D1B8E12}"
EndProject
Global
	GlobalSection(SolutionConfigurationPlatforms) = preSolution
		ReleaseWDK|Win32 = ReleaseWDK|Win32
		ToDebug|Win32 = ToDebug|Win32
	EndGlobalSection
	GlobalSection(ProjectConfigurationPlatforms) = postSolution
		{221CE044-5566-4AF9-ACF1-00CF8D1B8E12}.ReleaseWDK|Win32.ActiveCfg = ReleaseWDK|Win32
		{221CE044-5566-4AF9-ACF1-00CF8D1B8E12}.ReleaseWDK|Win32.Build.0 = ReleaseWDK|Win32
		{221CE044-5566-4AF9-ACF1-00CF8D1B8E12}.ToDebug|Win32.ActiveCfg = ToDebug|Win32
		{221CE044-5566-4AF9-ACF1-00CF8D1B8E12}.ToDebug|Win32.Build.0 = ToDebug|Win32
		{E70561A4-6B5D-4044-99AE-91BAE1975AB6}.ToDebug|Win32.Build.0 = ToDebug|Win32
		{E70561A4-6B5D-4044-99AE-91BAE1975AB6}.ToDebug|Win32.ActiveCfg = ToDebug|Win32
		{E70561A4-6B5D-4044-99AE-91BAE1975AB6}.ReleaseWDK|Win32.Build.0 = ReleaseWDK|Win32
		{E70561A4-6B5D-4044-99AE-91BAE1975AB6}.ReleaseWDK|Win32.ActiveCfg = ReleaseWDK|Win32
	EndGlobalSection
	GlobalSection(SolutionProperties) = preSolution
		HideSolutionNode = FALSE
	EndGlobalSection
EndGlobal
