
Microsoft Visual Studio Solution File, Format Version 10.00
# Visual Studio 2008
Project("{8BC9CEB8-8B4A-11D0-8D11-00A0C91BC942}") = "UPX", "UPX.vcproj", "{F6C3F97C-86FE-4197-86FA-F69DE733F9FC}"
EndProject
Global
	GlobalSection(SolutionConfigurationPlatforms) = preSolution
		Release|Win32 = Release|Win32
	EndGlobalSection
	GlobalSection(ProjectConfigurationPlatforms) = postSolution
		{F6C3F97C-86FE-4197-86FA-F69DE733F9FC}.Release|Win32.ActiveCfg = Release|Win32
		{F6C3F97C-86FE-4197-86FA-F69DE733F9FC}.Release|Win32.Build.0 = Release|Win32
	EndGlobalSection
	GlobalSection(SolutionProperties) = preSolution
		HideSolutionNode = FALSE
	EndGlobalSection
EndGlobal
