
Microsoft Visual Studio Solution File, Format Version 10.00
# Visual Studio 2008
Project("{8BC9CEB8-8B4A-11D0-8D11-00A0C91BC942}") = "Puff", "Puff.vcproj", "{E173C4D4-B88D-4856-8D7A-A6DDEFBF4E42}"
EndProject
Global
	GlobalSection(SolutionConfigurationPlatforms) = preSolution
		Release|Win32 = Release|Win32
	EndGlobalSection
	GlobalSection(ProjectConfigurationPlatforms) = postSolution
		{E173C4D4-B88D-4856-8D7A-A6DDEFBF4E42}.Release|Win32.ActiveCfg = Release|Win32
		{E173C4D4-B88D-4856-8D7A-A6DDEFBF4E42}.Release|Win32.Build.0 = Release|Win32
	EndGlobalSection
	GlobalSection(SolutionProperties) = preSolution
		HideSolutionNode = FALSE
	EndGlobalSection
EndGlobal
