
Microsoft Visual Studio Solution File, Format Version 11.00
# Visual Studio 2010
Project("{8BC9CEB8-8B4A-11D0-8D11-00A0C91BC942}") = "BinarySplitter", "BinarySplitter.vcxproj", "{7FE16110-F134-D066-FBCA-8B7A2BC61DFB}"
EndProject
Global
	GlobalSection(SolutionConfigurationPlatforms) = preSolution
		Release|Win32 = Release|Win32
	EndGlobalSection
	GlobalSection(ProjectConfigurationPlatforms) = postSolution
		{7FE16110-F134-D066-FBCA-8B7A2BC61DFB}.Release|Win32.ActiveCfg = Release|Win32
		{7FE16110-F134-D066-FBCA-8B7A2BC61DFB}.Release|Win32.Build.0 = Release|Win32
	EndGlobalSection
	GlobalSection(SolutionProperties) = preSolution
		HideSolutionNode = FALSE
	EndGlobalSection
EndGlobal
