<?xml version="1.0" encoding="utf-8"?>
<Project ToolsVersion="4.0" xmlns="http://schemas.microsoft.com/developer/msbuild/2003">
  <ItemGroup>
    <Filter Include="LZMA">
      <UniqueIdentifier>{dd94632d-0ad2-47e8-8f6f-7174caaec948}</UniqueIdentifier>
    </Filter>
    <Filter Include="aes128">
      <UniqueIdentifier>{99b2bf45-f605-42b7-866f-05c21278b4cb}</UniqueIdentifier>
    </Filter>
    <Filter Include="sha256">
      <UniqueIdentifier>{a0b859e9-0cc2-483f-b0b8-5b878205f95e}</UniqueIdentifier>
    </Filter>
  </ItemGroup>
  <ItemGroup>
    <ClCompile Include="..\..\..\..\Library\LZMA\C\Bra86.c">
      <Filter>LZMA</Filter>
    </ClCompile>
    <ClCompile Include="..\..\..\..\Library\LZMA\C\LzFind.c">
      <Filter>LZMA</Filter>
    </ClCompile>
    <ClCompile Include="..\..\..\..\Library\LZMA\C\Lzma86Dec.c">
      <Filter>LZMA</Filter>
    </ClCompile>
    <ClCompile Include="..\..\..\..\Library\LZMA\C\Lzma86Enc.c">
      <Filter>LZMA</Filter>
    </ClCompile>
    <ClCompile Include="..\..\..\..\Library\LZMA\C\LzmaDec.c">
      <Filter>LZMA</Filter>
    </ClCompile>
    <ClCompile Include="..\..\..\..\Library\LZMA\C\LzmaEnc.c">
      <Filter>LZMA</Filter>
    </ClCompile>
    <ClCompile Include="ControllerSplitter.cpp" />
    <ClCompile Include="ModelSplitter.cpp" />
    <ClCompile Include="ViewSplitter.cpp" />
    <ClCompile Include="WinMain.cpp" />
    <ClCompile Include="..\..\..\..\MyLib\include\sha256.cpp">
      <Filter>sha256</Filter>
    </ClCompile>
  </ItemGroup>
  <ItemGroup>
    <ClInclude Include="..\..\..\..\Library\LZMA\C\LzFind.h">
      <Filter>LZMA</Filter>
    </ClInclude>
    <ClInclude Include="..\..\..\..\Library\LZMA\C\Lzma86.h">
      <Filter>LZMA</Filter>
    </ClInclude>
    <ClInclude Include="..\..\..\..\Library\LZMA\C\LzmaDec.h">
      <Filter>LZMA</Filter>
    </ClInclude>
    <ClInclude Include="..\..\..\..\Library\LZMA\C\LzmaEnc.h">
      <Filter>LZMA</Filter>
    </ClInclude>
    <ClInclude Include="..\..\..\..\MyLib\cls\aes.h">
      <Filter>aes128</Filter>
    </ClInclude>
    <ClInclude Include="..\..\..\..\MyLib\include\sha256.h">
      <Filter>sha256</Filter>
    </ClInclude>
    <ClInclude Include="BinarySplitterMsg.h" />
    <ClInclude Include="ControllerSplitter.h" />
    <ClInclude Include="DialogSplit.h" />
    <ClInclude Include="ModelSplitter.h" />
    <ClInclude Include="resource.h" />
    <ClInclude Include="ViewSplitter.h" />
  </ItemGroup>
  <ItemGroup>
    <ResourceCompile Include="BinarySplitter.rc" />
  </ItemGroup>
  <ItemGroup>
    <Manifest Include="XPStyle.manifest" />
  </ItemGroup>
  <ItemGroup>
    <CustomBuild Include="..\..\..\..\MyLib\cls\aes_x86_v2.asm">
      <Filter>aes128</Filter>
    </CustomBuild>
    <CustomBuild Include="memcpy.asm" />
  </ItemGroup>
  <ItemGroup>
    <None Include="Merge.bmp" />
    <None Include="Option.bmp" />
    <None Include="Split.bmp" />
  </ItemGroup>
</Project>