
Microsoft Visual Studio Solution File, Format Version 10.00
# Visual Studio 2008
Project("{EAF909A5-FA59-4C3D-9431-0FCC20D5BCF9}") = "Babylon", "Babylon\Babylon.icproj", "{29594814-9BA6-4D27-ADCC-6C9890984D92}"
EndProject
Project("{8BC9CEB8-8B4A-11D0-8D11-00A0C91BC942}") = "CxImage", "E:\Library\CxImage\CxImage\cximage.vcproj", "{CB69A345-1895-4594-9CC2-CCF3A5990C32}"
	ProjectSection(ProjectDependencies) = postProject
		{175807D7-A3F5-4011-888B-C362F16DAB16} = {175807D7-A3F5-4011-888B-C362F16DAB16}
		{C4EF6A96-87BB-41A3-A28D-6E25EB1D5227} = {C4EF6A96-87BB-41A3-A28D-6E25EB1D5227}
		{2E0B21F7-B157-44F8-9879-3447E3616562} = {2E0B21F7-B157-44F8-9879-3447E3616562}
		{FA533708-A01D-407D-AC86-5D112AFAABB4} = {FA533708-A01D-407D-AC86-5D112AFAABB4}
		{E02C5D4C-CA13-401F-8C07-F3F471C6FCEE} = {E02C5D4C-CA13-401F-8C07-F3F471C6FCEE}
	EndProjectSection
EndProject
Project("{8BC9CEB8-8B4A-11D0-8D11-00A0C91BC942}") = "Image", "Image\Image.vcproj", "{2388179B-D037-4ECF-9549-68B5D72AF69A}"
	ProjectSection(ProjectDependencies) = postProject
		{175807D7-A3F5-4011-888B-C362F16DAB16} = {175807D7-A3F5-4011-888B-C362F16DAB16}
		{CB69A345-1895-4594-9CC2-CCF3A5990C32} = {CB69A345-1895-4594-9CC2-CCF3A5990C32}
		{C4EF6A96-87BB-41A3-A28D-6E25EB1D5227} = {C4EF6A96-87BB-41A3-A28D-6E25EB1D5227}
		{2E0B21F7-B157-44F8-9879-3447E3616562} = {2E0B21F7-B157-44F8-9879-3447E3616562}
		{FA533708-A01D-407D-AC86-5D112AFAABB4} = {FA533708-A01D-407D-AC86-5D112AFAABB4}
		{E02C5D4C-CA13-401F-8C07-F3F471C6FCEE} = {E02C5D4C-CA13-401F-8C07-F3F471C6FCEE}
	EndProjectSection
EndProject
Project("{EAF909A5-FA59-4C3D-9431-0FCC20D5BCF9}") = "XMLParser", "XMLParser\XMLParser.icproj", "{BCB31417-5E4D-4B94-A8BA-DCE8D3D5FD42}"
EndProject
Project("{8BC9CEB8-8B4A-11D0-8D11-00A0C91BC942}") = "jpeg", "E:\Library\CxImage\jpeg\Jpeg.vcproj", "{FA533708-A01D-407D-AC86-5D112AFAABB4}"
EndProject
Project("{8BC9CEB8-8B4A-11D0-8D11-00A0C91BC942}") = "mng", "E:\Library\CxImage\mng\mng.vcproj", "{2E0B21F7-B157-44F8-9879-3447E3616562}"
EndProject
Project("{8BC9CEB8-8B4A-11D0-8D11-00A0C91BC942}") = "png", "E:\Library\CxImage\png\png.vcproj", "{C4EF6A96-87BB-41A3-A28D-6E25EB1D5227}"
EndProject
Project("{8BC9CEB8-8B4A-11D0-8D11-00A0C91BC942}") = "tiff", "E:\Library\CxImage\tiff\Tiff.vcproj", "{175807D7-A3F5-4011-888B-C362F16DAB16}"
EndProject
Project("{8BC9CEB8-8B4A-11D0-8D11-00A0C91BC942}") = "zlib", "E:\Library\CxImage\zlib\zlib.vcproj", "{E02C5D4C-CA13-401F-8C07-F3F471C6FCEE}"
EndProject
Global
	GlobalSection(SolutionConfigurationPlatforms) = preSolution
		Debug|Win32 = Debug|Win32
		Release|Win32 = Release|Win32
		Unicode Debug|Win32 = Unicode Debug|Win32
		Unicode Release|Win32 = Unicode Release|Win32
	EndGlobalSection
	GlobalSection(ProjectConfigurationPlatforms) = postSolution
		{29594814-9BA6-4D27-ADCC-6C9890984D92}.Debug|Win32.ActiveCfg = Debug|Win32
		{29594814-9BA6-4D27-ADCC-6C9890984D92}.Debug|Win32.Build.0 = Debug|Win32
		{29594814-9BA6-4D27-ADCC-6C9890984D92}.Release|Win32.ActiveCfg = Release|Win32
		{29594814-9BA6-4D27-ADCC-6C9890984D92}.Release|Win32.Build.0 = Release|Win32
		{29594814-9BA6-4D27-ADCC-6C9890984D92}.Unicode Debug|Win32.ActiveCfg = Debug|Win32
		{29594814-9BA6-4D27-ADCC-6C9890984D92}.Unicode Debug|Win32.Build.0 = Debug|Win32
		{29594814-9BA6-4D27-ADCC-6C9890984D92}.Unicode Release|Win32.ActiveCfg = Release|Win32
		{29594814-9BA6-4D27-ADCC-6C9890984D92}.Unicode Release|Win32.Build.0 = Release|Win32
		{CB69A345-1895-4594-9CC2-CCF3A5990C32}.Debug|Win32.ActiveCfg = Debug|Win32
		{CB69A345-1895-4594-9CC2-CCF3A5990C32}.Debug|Win32.Build.0 = Debug|Win32
		{CB69A345-1895-4594-9CC2-CCF3A5990C32}.Release|Win32.ActiveCfg = Release|Win32
		{CB69A345-1895-4594-9CC2-CCF3A5990C32}.Release|Win32.Build.0 = Release|Win32
		{CB69A345-1895-4594-9CC2-CCF3A5990C32}.Unicode Debug|Win32.ActiveCfg = Unicode Debug|Win32
		{CB69A345-1895-4594-9CC2-CCF3A5990C32}.Unicode Debug|Win32.Build.0 = Unicode Debug|Win32
		{CB69A345-1895-4594-9CC2-CCF3A5990C32}.Unicode Release|Win32.ActiveCfg = Unicode Release|Win32
		{CB69A345-1895-4594-9CC2-CCF3A5990C32}.Unicode Release|Win32.Build.0 = Unicode Release|Win32
		{2388179B-D037-4ECF-9549-68B5D72AF69A}.Debug|Win32.ActiveCfg = Debug|Win32
		{2388179B-D037-4ECF-9549-68B5D72AF69A}.Debug|Win32.Build.0 = Debug|Win32
		{2388179B-D037-4ECF-9549-68B5D72AF69A}.Release|Win32.ActiveCfg = Release|Win32
		{2388179B-D037-4ECF-9549-68B5D72AF69A}.Release|Win32.Build.0 = Release|Win32
		{2388179B-D037-4ECF-9549-68B5D72AF69A}.Unicode Debug|Win32.ActiveCfg = Debug|Win32
		{2388179B-D037-4ECF-9549-68B5D72AF69A}.Unicode Debug|Win32.Build.0 = Debug|Win32
		{2388179B-D037-4ECF-9549-68B5D72AF69A}.Unicode Release|Win32.ActiveCfg = Release|Win32
		{2388179B-D037-4ECF-9549-68B5D72AF69A}.Unicode Release|Win32.Build.0 = Release|Win32
		{BCB31417-5E4D-4B94-A8BA-DCE8D3D5FD42}.Debug|Win32.ActiveCfg = Debug|Win32
		{BCB31417-5E4D-4B94-A8BA-DCE8D3D5FD42}.Debug|Win32.Build.0 = Debug|Win32
		{BCB31417-5E4D-4B94-A8BA-DCE8D3D5FD42}.Release|Win32.ActiveCfg = Release|Win32
		{BCB31417-5E4D-4B94-A8BA-DCE8D3D5FD42}.Release|Win32.Build.0 = Release|Win32
		{BCB31417-5E4D-4B94-A8BA-DCE8D3D5FD42}.Unicode Debug|Win32.ActiveCfg = Debug|Win32
		{BCB31417-5E4D-4B94-A8BA-DCE8D3D5FD42}.Unicode Debug|Win32.Build.0 = Debug|Win32
		{BCB31417-5E4D-4B94-A8BA-DCE8D3D5FD42}.Unicode Release|Win32.ActiveCfg = Release|Win32
		{BCB31417-5E4D-4B94-A8BA-DCE8D3D5FD42}.Unicode Release|Win32.Build.0 = Release|Win32
		{FA533708-A01D-407D-AC86-5D112AFAABB4}.Debug|Win32.ActiveCfg = Debug|Win32
		{FA533708-A01D-407D-AC86-5D112AFAABB4}.Debug|Win32.Build.0 = Debug|Win32
		{FA533708-A01D-407D-AC86-5D112AFAABB4}.Release|Win32.ActiveCfg = Release|Win32
		{FA533708-A01D-407D-AC86-5D112AFAABB4}.Release|Win32.Build.0 = Release|Win32
		{FA533708-A01D-407D-AC86-5D112AFAABB4}.Unicode Debug|Win32.ActiveCfg = Unicode Debug|Win32
		{FA533708-A01D-407D-AC86-5D112AFAABB4}.Unicode Debug|Win32.Build.0 = Unicode Debug|Win32
		{FA533708-A01D-407D-AC86-5D112AFAABB4}.Unicode Release|Win32.ActiveCfg = Unicode Release|Win32
		{FA533708-A01D-407D-AC86-5D112AFAABB4}.Unicode Release|Win32.Build.0 = Unicode Release|Win32
		{2E0B21F7-B157-44F8-9879-3447E3616562}.Debug|Win32.ActiveCfg = Debug|Win32
		{2E0B21F7-B157-44F8-9879-3447E3616562}.Debug|Win32.Build.0 = Debug|Win32
		{2E0B21F7-B157-44F8-9879-3447E3616562}.Release|Win32.ActiveCfg = Release|Win32
		{2E0B21F7-B157-44F8-9879-3447E3616562}.Release|Win32.Build.0 = Release|Win32
		{2E0B21F7-B157-44F8-9879-3447E3616562}.Unicode Debug|Win32.ActiveCfg = Unicode Debug|Win32
		{2E0B21F7-B157-44F8-9879-3447E3616562}.Unicode Debug|Win32.Build.0 = Unicode Debug|Win32
		{2E0B21F7-B157-44F8-9879-3447E3616562}.Unicode Release|Win32.ActiveCfg = Unicode Release|Win32
		{2E0B21F7-B157-44F8-9879-3447E3616562}.Unicode Release|Win32.Build.0 = Unicode Release|Win32
		{C4EF6A96-87BB-41A3-A28D-6E25EB1D5227}.Debug|Win32.ActiveCfg = Debug|Win32
		{C4EF6A96-87BB-41A3-A28D-6E25EB1D5227}.Debug|Win32.Build.0 = Debug|Win32
		{C4EF6A96-87BB-41A3-A28D-6E25EB1D5227}.Release|Win32.ActiveCfg = Release|Win32
		{C4EF6A96-87BB-41A3-A28D-6E25EB1D5227}.Release|Win32.Build.0 = Release|Win32
		{C4EF6A96-87BB-41A3-A28D-6E25EB1D5227}.Unicode Debug|Win32.ActiveCfg = Unicode Debug|Win32
		{C4EF6A96-87BB-41A3-A28D-6E25EB1D5227}.Unicode Debug|Win32.Build.0 = Unicode Debug|Win32
		{C4EF6A96-87BB-41A3-A28D-6E25EB1D5227}.Unicode Release|Win32.ActiveCfg = Unicode Release|Win32
		{C4EF6A96-87BB-41A3-A28D-6E25EB1D5227}.Unicode Release|Win32.Build.0 = Unicode Release|Win32
		{175807D7-A3F5-4011-888B-C362F16DAB16}.Debug|Win32.ActiveCfg = Debug|Win32
		{175807D7-A3F5-4011-888B-C362F16DAB16}.Debug|Win32.Build.0 = Debug|Win32
		{175807D7-A3F5-4011-888B-C362F16DAB16}.Release|Win32.ActiveCfg = Release|Win32
		{175807D7-A3F5-4011-888B-C362F16DAB16}.Release|Win32.Build.0 = Release|Win32
		{175807D7-A3F5-4011-888B-C362F16DAB16}.Unicode Debug|Win32.ActiveCfg = Unicode Debug|Win32
		{175807D7-A3F5-4011-888B-C362F16DAB16}.Unicode Debug|Win32.Build.0 = Unicode Debug|Win32
		{175807D7-A3F5-4011-888B-C362F16DAB16}.Unicode Release|Win32.ActiveCfg = Unicode Release|Win32
		{175807D7-A3F5-4011-888B-C362F16DAB16}.Unicode Release|Win32.Build.0 = Unicode Release|Win32
		{E02C5D4C-CA13-401F-8C07-F3F471C6FCEE}.Debug|Win32.ActiveCfg = Debug|Win32
		{E02C5D4C-CA13-401F-8C07-F3F471C6FCEE}.Debug|Win32.Build.0 = Debug|Win32
		{E02C5D4C-CA13-401F-8C07-F3F471C6FCEE}.Release|Win32.ActiveCfg = Release|Win32
		{E02C5D4C-CA13-401F-8C07-F3F471C6FCEE}.Release|Win32.Build.0 = Release|Win32
		{E02C5D4C-CA13-401F-8C07-F3F471C6FCEE}.Unicode Debug|Win32.ActiveCfg = Unicode Debug|Win32
		{E02C5D4C-CA13-401F-8C07-F3F471C6FCEE}.Unicode Debug|Win32.Build.0 = Unicode Debug|Win32
		{E02C5D4C-CA13-401F-8C07-F3F471C6FCEE}.Unicode Release|Win32.ActiveCfg = Unicode Release|Win32
		{E02C5D4C-CA13-401F-8C07-F3F471C6FCEE}.Unicode Release|Win32.Build.0 = Unicode Release|Win32
		{2A57FFEC-5005-4AB0-AA6D-5F96673C6D7E}.Debug|Win32.ActiveCfg = Debug|Win32
		{2A57FFEC-5005-4AB0-AA6D-5F96673C6D7E}.Debug|Win32.Build.0 = Debug|Win32
		{2A57FFEC-5005-4AB0-AA6D-5F96673C6D7E}.Release|Win32.ActiveCfg = Release|Win32
		{2A57FFEC-5005-4AB0-AA6D-5F96673C6D7E}.Release|Win32.Build.0 = Release|Win32
		{2A57FFEC-5005-4AB0-AA6D-5F96673C6D7E}.Unicode Debug|Win32.ActiveCfg = Debug|Win32
		{2A57FFEC-5005-4AB0-AA6D-5F96673C6D7E}.Unicode Debug|Win32.Build.0 = Debug|Win32
		{2A57FFEC-5005-4AB0-AA6D-5F96673C6D7E}.Unicode Release|Win32.ActiveCfg = Release|Win32
		{2A57FFEC-5005-4AB0-AA6D-5F96673C6D7E}.Unicode Release|Win32.Build.0 = Release|Win32
		{8A9A2FD7-7704-4969-A3C8-A20027146E5F}.Unicode Release|Win32.Build.0 = Release|Win32
		{8A9A2FD7-7704-4969-A3C8-A20027146E5F}.Unicode Release|Win32.ActiveCfg = Release|Win32
		{8A9A2FD7-7704-4969-A3C8-A20027146E5F}.Unicode Debug|Win32.Build.0 = Debug|Win32
		{8A9A2FD7-7704-4969-A3C8-A20027146E5F}.Unicode Debug|Win32.ActiveCfg = Debug|Win32
		{8A9A2FD7-7704-4969-A3C8-A20027146E5F}.Release|Win32.Build.0 = Release|Win32
		{8A9A2FD7-7704-4969-A3C8-A20027146E5F}.Release|Win32.ActiveCfg = Release|Win32
		{8A9A2FD7-7704-4969-A3C8-A20027146E5F}.Debug|Win32.Build.0 = Debug|Win32
		{8A9A2FD7-7704-4969-A3C8-A20027146E5F}.Debug|Win32.ActiveCfg = Debug|Win32
	EndGlobalSection
	GlobalSection(SolutionProperties) = preSolution
		HideSolutionNode = FALSE
	EndGlobalSection
EndGlobal
